// !$*UTF8*$!
{
	archiveVersion = 1;
	classes = {
	};
	objectVersion = 46;
	objects = {

/* Begin PBXBuildFile section */
		3B6493DE1F15F26700E4F93E /* AppDelegate.swift in Sources */ = {isa = PBXBuildFile; fileRef = 3B6493DD1F15F26700E4F93E /* AppDelegate.swift */; };
		3B6493E01F15F26700E4F93E /* ViewController.swift in Sources */ = {isa = PBXBuildFile; fileRef = 3B6493DF1F15F26700E4F93E /* ViewController.swift */; };
		3B6493E31F15F26700E4F93E /* Main.storyboard in Resources */ = {isa = PBXBuildFile; fileRef = 3B6493E11F15F26700E4F93E /* Main.storyboard */; };
		3B6493E51F15F26700E4F93E /* Assets.xcassets in Resources */ = {isa = PBXBuildFile; fileRef = 3B6493E41F15F26700E4F93E /* Assets.xcassets */; };
		3B6493E81F15F26700E4F93E /* LaunchScreen.storyboard in Resources */ = {isa = PBXBuildFile; fileRef = 3B6493E61F15F26700E4F93E /* LaunchScreen.storyboard */; };
		3B6493F31F15F26800E4F93E /* binaryCounterTests.swift in Sources */ = {isa = PBXBuildFile; fileRef = 3B6493F21F15F26800E4F93E /* binaryCounterTests.swift */; };
		3B6493FE1F15F26800E4F93E /* binaryCounterUITests.swift in Sources */ = {isa = PBXBuildFile; fileRef = 3B6493FD1F15F26800E4F93E /* binaryCounterUITests.swift */; };
/* End PBXBuildFile section */

/* Begin PBXContainerItemProxy section */
		3B6493EF1F15F26800E4F93E /* PBXContainerItemProxy */ = {
			isa = PBXContainerItemProxy;
			containerPortal = 3B6493D21F15F26700E4F93E /* Project object */;
			proxyType = 1;
			remoteGlobalIDString = 3B6493D91F15F26700E4F93E;
			remoteInfo = binaryCounter;
		};
		3B6493FA1F15F26800E4F93E /* PBXContainerItemProxy */ = {
			isa = PBXContainerItemProxy;
			containerPortal = 3B6493D21F15F26700E4F93E /* Project object */;
			proxyType = 1;
			remoteGlobalIDString = 3B6493D91F15F26700E4F93E;
			remoteInfo = binaryCounter;
		};
/* End PBXContainerItemProxy section */

/* Begin PBXFileReference section */
		3B6493DA1F15F26700E4F93E /* binaryCounter.app */ = {isa = PBXFileReference; explicitFileType = wrapper.application; includeInIndex = 0; path = binaryCounter.app; sourceTree = BUILT_PRODUCTS_DIR; };
		3B6493DD1F15F26700E4F93E /* AppDelegate.swift */ = {isa = PBXFileReference; lastKnownFileType = sourcecode.swift; path = AppDelegate.swift; sourceTree = "<group>"; };
		3B6493DF1F15F26700E4F93E /* ViewController.swift */ = {isa = PBXFileReference; lastKnownFileType = sourcecode.swift; path = ViewController.swift; sourceTree = "<group>"; };
		3B6493E21F15F26700E4F93E /* Base */ = {isa = PBXFileReference; lastKnownFileType = file.storyboard; name = Base; path = Base.lproj/Main.storyboard; sourceTree = "<group>"; };
		3B6493E41F15F26700E4F93E /* Assets.xcassets */ = {isa = PBXFileReference; lastKnownFileType = folder.assetcatalog; path = Assets.xcassets; sourceTree = "<group>"; };
		3B6493E71F15F26700E4F93E /* Base */ = {isa = PBXFileReference; lastKnownFileType = file.storyboard; name = Base; path = Base.lproj/LaunchScreen.storyboard; sourceTree = "<group>"; };
		3B6493E91F15F26700E4F93E /* Info.plist */ = {isa = PBXFileReference; lastKnownFileType = text.plist.xml; path = Info.plist; sourceTree = "<group>"; };
		3B6493EE1F15F26800E4F93E /* binaryCounterTests.xctest */ = {isa = PBXFileReference; explicitFileType = wrapper.cfbundle; includeInIndex = 0; path = binaryCounterTests.xctest; sourceTree = BUILT_PRODUCTS_DIR; };
		3B6493F21F15F26800E4F93E /* binaryCounterTests.swift */ = {isa = PBXFileReference; lastKnownFileType = sourcecode.swift; path = binaryCounterTests.swift; sourceTree = "<group>"; };
		3B6493F41F15F26800E4F93E /* Info.plist */ = {isa = PBXFileReference; lastKnownFileType = text.plist.xml; path = Info.plist; sourceTree = "<group>"; };
		3B6493F91F15F26800E4F93E /* binaryCounterUITests.xctest */ = {isa = PBXFileReference; explicitFileType = wrapper.cfbundle; includeInIndex = 0; path = binaryCounterUITests.xctest; sourceTree = BUILT_PRODUCTS_DIR; };
		3B6493FD1F15F26800E4F93E /* binaryCounterUITests.swift */ = {isa = PBXFileReference; lastKnownFileType = sourcecode.swift; path = binaryCounterUITests.swift; sourceTree = "<group>"; };
		3B6493FF1F15F26800E4F93E /* Info.plist */ = {isa = PBXFileReference; lastKnownFileType = text.plist.xml; path = Info.plist; sourceTree = "<group>"; };
/* End PBXFileReference section */

/* Begin PBXFrameworksBuildPhase section */
		3B6493D71F15F26700E4F93E /* Frameworks */ = {
			isa = PBXFrameworksBuildPhase;
			buildActionMask = 2147483647;
			files = (
			);
			runOnlyForDeploymentPostprocessing = 0;
		};
		3B6493EB1F15F26800E4F93E /* Frameworks */ = {
			isa = PBXFrameworksBuildPhase;
			buildActionMask = 2147483647;
			files = (
			);
			runOnlyForDeploymentPostprocessing = 0;
		};
		3B6493F61F15F26800E4F93E /* Frameworks */ = {
			isa = PBXFrameworksBuildPhase;
			buildActionMask = 2147483647;
			files = (
			);
			runOnlyForDeploymentPostprocessing = 0;
		};
/* End PBXFrameworksBuildPhase section */

/* Begin PBXGroup section */
		3B6493D11F15F26700E4F93E = {
			isa = PBXGroup;
			children = (
				3B6493DC1F15F26700E4F93E /* binaryCounter */,
				3B6493F11F15F26800E4F93E /* binaryCounterTests */,
				3B6493FC1F15F26800E4F93E /* binaryCounterUITests */,
				3B6493DB1F15F26700E4F93E /* Products */,
			);
			sourceTree = "<group>";
		};
		3B6493DB1F15F26700E4F93E /* Products */ = {
			isa = PBXGroup;
			children = (
				3B6493DA1F15F26700E4F93E /* binaryCounter.app */,
				3B6493EE1F15F26800E4F93E /* binaryCounterTests.xctest */,
				3B6493F91F15F26800E4F93E /* binaryCounterUITests.xctest */,
			);
			name = Products;
			sourceTree = "<group>";
		};
		3B6493DC1F15F26700E4F93E /* binaryCounter */ = {
			isa = PBXGroup;
			children = (
				3B6493DD1F15F26700E4F93E /* AppDelegate.swift */,
				3B6493DF1F15F26700E4F93E /* ViewController.swift */,
				3B6493E11F15F26700E4F93E /* Main.storyboard */,
				3B6493E41F15F26700E4F93E /* Assets.xcassets */,
				3B6493E61F15F26700E4F93E /* LaunchScreen.storyboard */,
				3B6493E91F15F26700E4F93E /* Info.plist */,
			);
			path = binaryCounter;
			sourceTree = "<group>";
		};
		3B6493F11F15F26800E4F93E /* binaryCounterTests */ = {
			isa = PBXGroup;
			children = (
				3B6493F21F15F26800E4F93E /* binaryCounterTests.swift */,
				3B6493F41F15F26800E4F93E /* Info.plist */,
			);
			path = binaryCounterTests;
			sourceTree = "<group>";
		};
		3B6493FC1F15F26800E4F93E /* binaryCounterUITests */ = {
			isa = PBXGroup;
			children = (
				3B6493FD1F15F26800E4F93E /* binaryCounterUITests.swift */,
				3B6493FF1F15F26800E4F93E /* Info.plist */,
			);
			path = binaryCounterUITests;
			sourceTree = "<group>";
		};
/* End PBXGroup section */

/* Begin PBXNativeTarget section */
		3B6493D91F15F26700E4F93E /* binaryCounter */ = {
			isa = PBXNativeTarget;
			buildConfigurationList = 3B6494021F15F26800E4F93E /* Build configuration list for PBXNativeTarget "binaryCounter" */;
			buildPhases = (
				3B6493D61F15F26700E4F93E /* Sources */,
				3B6493D71F15F26700E4F93E /* Frameworks */,
				3B6493D81F15F26700E4F93E /* Resources */,
			);
			buildRules = (
			);
			dependencies = (
			);
			name = binaryCounter;
			productName = binaryCounter;
			productReference = 3B6493DA1F15F26700E4F93E /* binaryCounter.app */;
			productType = "com.apple.product-type.application";
		};
		3B6493ED1F15F26800E4F93E /* binaryCounterTests */ = {
			isa = PBXNativeTarget;
			buildConfigurationList = 3B6494051F15F26800E4F93E /* Build configuration list for PBXNativeTarget "binaryCounterTests" */;
			buildPhases = (
				3B6493EA1F15F26800E4F93E /* Sources */,
				3B6493EB1F15F26800E4F93E /* Frameworks */,
				3B6493EC1F15F26800E4F93E /* Resources */,
			);
			buildRules = (
			);
			dependencies = (
				3B6493F01F15F26800E4F93E /* PBXTargetDependency */,
			);
			name = binaryCounterTests;
			productName = binaryCounterTests;
			productReference = 3B6493EE1F15F26800E4F93E /* binaryCounterTests.xctest */;
			productType = "com.apple.product-type.bundle.unit-test";
		};
		3B6493F81F15F26800E4F93E /* binaryCounterUITests */ = {
			isa = PBXNativeTarget;
			buildConfigurationList = 3B6494081F15F26800E4F93E /* Build configuration list for PBXNativeTarget "binaryCounterUITests" */;
			buildPhases = (
				3B6493F51F15F26800E4F93E /* Sources */,
				3B6493F61F15F26800E4F93E /* Frameworks */,
				3B6493F71F15F26800E4F93E /* Resources */,
			);
			buildRules = (
			);
			dependencies = (
				3B6493FB1F15F26800E4F93E /* PBXTargetDependency */,
			);
			name = binaryCounterUITests;
			productName = binaryCounterUITests;
			productReference = 3B6493F91F15F26800E4F93E /* binaryCounterUITests.xctest */;
			productType = "com.apple.product-type.bundle.ui-testing";
		};
/* End PBXNativeTarget section */

/* Begin PBXProject section */
		3B6493D21F15F26700E4F93E /* Project object */ = {
			isa = PBXProject;
			attributes = {
				LastSwiftUpdateCheck = 0830;
				LastUpgradeCheck = 0830;
				ORGANIZATIONNAME = "Lu Yu";
				TargetAttributes = {
					3B6493D91F15F26700E4F93E = {
						CreatedOnToolsVersion = 8.3.3;
						ProvisioningStyle = Automatic;
					};
					3B6493ED1F15F26800E4F93E = {
						CreatedOnToolsVersion = 8.3.3;
						ProvisioningStyle = Automatic;
						TestTargetID = 3B6493D91F15F26700E4F93E;
					};
					3B6493F81F15F26800E4F93E = {
						CreatedOnToolsVersion = 8.3.3;
						ProvisioningStyle = Automatic;
						TestTargetID = 3B6493D91F15F26700E4F93E;
					};
				};
			};
			buildConfigurationList = 3B6493D51F15F26700E4F93E /* Build configuration list for PBXProject "binaryCounter" */;
			compatibilityVersion = "Xcode 3.2";
			developmentRegion = English;
			hasScannedForEncodings = 0;
			knownRegions = (
				en,
				Base,
			);
			mainGroup = 3B6493D11F15F26700E4F93E;
			productRefGroup = 3B6493DB1F15F26700E4F93E /* Products */;
			projectDirPath = "";
			projectRoot = "";
			targets = (
				3B6493D91F15F26700E4F93E /* binaryCounter */,
				3B6493ED1F15F26800E4F93E /* binaryCounterTests */,
				3B6493F81F15F26800E4F93E /* binaryCounterUITests */,
			);
		};
/* End PBXProject section */

/* Begin PBXResourcesBuildPhase section */
		3B6493D81F15F26700E4F93E /* Resources */ = {
			isa = PBXResourcesBuildPhase;
			buildActionMask = 2147483647;
			files = (
				3B6493E81F15F26700E4F93E /* LaunchScreen.storyboard in Resources */,
				3B6493E51F15F26700E4F93E /* Assets.xcassets in Resources */,
				3B6493E31F15F26700E4F93E /* Main.storyboard in Resources */,
			);
			runOnlyForDeploymentPostprocessing = 0;
		};
		3B6493EC1F15F26800E4F93E /* Resources */ = {
			isa = PBXResourcesBuildPhase;
			buildActionMask = 2147483647;
			files = (
			);
			runOnlyForDeploymentPostprocessing = 0;
		};
		3B6493F71F15F26800E4F93E /* Resources */ = {
			isa = PBXResourcesBuildPhase;
			buildActionMask = 2147483647;
			files = (
			);
			runOnlyForDeploymentPostprocessing = 0;
		};
/* End PBXResourcesBuildPhase section */

/* Begin PBXSourcesBuildPhase section */
		3B6493D61F15F26700E4F93E /* Sources */ = {
			isa = PBXSourcesBuildPhase;
			buildActionMask = 2147483647;
			files = (
				3B6493E01F15F26700E4F93E /* ViewController.swift in Sources */,
				3B6493DE1F15F26700E4F93E /* AppDelegate.swift in Sources */,
			);
			runOnlyForDeploymentPostprocessing = 0;
		};
		3B6493EA1F15F26800E4F93E /* Sources */ = {
			isa = PBXSourcesBuildPhase;
			buildActionMask = 2147483647;
			files = (
				3B6493F31F15F26800E4F93E /* binaryCounterTests.swift in Sources */,
			);
			runOnlyForDeploymentPostprocessing = 0;
		};
		3B6493F51F15F26800E4F93E /* Sources */ = {
			isa = PBXSourcesBuildPhase;
			buildActionMask = 2147483647;
			files = (
				3B6493FE1F15F26800E4F93E /* binaryCounterUITests.swift in Sources */,
			);
			runOnlyForDeploymentPostprocessing = 0;
		};
/* End PBXSourcesBuildPhase section */

/* Begin PBXTargetDependency section */
		3B6493F01F15F26800E4F93E /* PBXTargetDependency */ = {
			isa = PBXTargetDependency;
			target = 3B6493D91F15F26700E4F93E /* binaryCounter */;
			targetProxy = 3B6493EF1F15F26800E4F93E /* PBXContainerItemProxy */;
		};
		3B6493FB1F15F26800E4F93E /* PBXTargetDependency */ = {
			isa = PBXTargetDependency;
			target = 3B6493D91F15F26700E4F93E /* binaryCounter */;
			targetProxy = 3B6493FA1F15F26800E4F93E /* PBXContainerItemProxy */;
		};
/* End PBXTargetDependency section */

/* Begin PBXVariantGroup section */
		3B6493E11F15F26700E4F93E /* Main.storyboard */ = {
			isa = PBXVariantGroup;
			children = (
				3B6493E21F15F26700E4F93E /* Base */,
			);
			name = Main.storyboard;
			sourceTree = "<group>";
		};
		3B6493E61F15F26700E4F93E /* LaunchScreen.storyboard */ = {
			isa = PBXVariantGroup;
			children = (
				3B6493E71F15F26700E4F93E /* Base */,
			);
			name = LaunchScreen.storyboard;
			sourceTree = "<group>";
		};
/* End PBXVariantGroup section */

/* Begin XCBuildConfiguration section */
		3B6494001F15F26800E4F93E /* Debug */ = {
			isa = XCBuildConfiguration;
			buildSettings = {
				ALWAYS_SEARCH_USER_PATHS = NO;
				CLANG_ANALYZER_NONNULL = YES;
				CLANG_ANALYZER_NUMBER_OBJECT_CONVERSION = YES_AGGRESSIVE;
				CLANG_CXX_LANGUAGE_STANDARD = "gnu++0x";
				CLANG_CXX_LIBRARY = "libc++";
				CLANG_ENABLE_MODULES = YES;
				CLANG_ENABLE_OBJC_ARC = YES;
				CLANG_WARN_BOOL_CONVERSION = YES;
				CLANG_WARN_CONSTANT_CONVERSION = YES;
				CLANG_WARN_DIRECT_OBJC_ISA_USAGE = YES_ERROR;
				CLANG_WARN_DOCUMENTATION_COMMENTS = YES;
				CLANG_WARN_EMPTY_BODY = YES;
				CLANG_WARN_ENUM_CONVERSION = YES;
				CLANG_WARN_INFINITE_RECURSION = YES;
				CLANG_WARN_INT_CONVERSION = YES;
				CLANG_WARN_OBJC_ROOT_CLASS = YES_ERROR;
				CLANG_WARN_SUSPICIOUS_MOVE = YES;
				CLANG_WARN_UNREACHABLE_CODE = YES;
				CLANG_WARN__DUPLICATE_METHOD_MATCH = YES;
				"CODE_SIGN_IDENTITY[sdk=iphoneos*]" = "iPhone Developer";
				COPY_PHASE_STRIP = NO;
				DEBUG_INFORMATION_FORMAT = dwarf;
				ENABLE_STRICT_OBJC_MSGSEND = YES;
				ENABLE_TESTABILITY = YES;
				GCC_C_LANGUAGE_STANDARD = gnu99;
				GCC_DYNAMIC_NO_PIC = NO;
				GCC_NO_COMMON_BLOCKS = YES;
				GCC_OPTIMIZATION_LEVEL = 0;
				GCC_PREPROCESSOR_DEFINITIONS = (
					"DEBUG=1",
					"$(inherited)",
				);
				GCC_WARN_64_TO_32_BIT_CONVERSION = YES;
				GCC_WARN_ABOUT_RETURN_TYPE = YES_ERROR;
				GCC_WARN_UNDECLARED_SELECTOR = YES;
				GCC_WARN_UNINITIALIZED_AUTOS = YES_AGGRESSIVE;
				GCC_WARN_UNUSED_FUNCTION = YES;
				GCC_WARN_UNUSED_VARIABLE = YES;
				IPHONEOS_DEPLOYMENT_TARGET = 10.3;
				MTL_ENABLE_DEBUG_INFO = YES;
				ONLY_ACTIVE_ARCH = YES;
				SDKROOT = iphoneos;
				SWIFT_ACTIVE_COMPILATION_CONDITIONS = DEBUG;
				SWIFT_OPTIMIZATION_LEVEL = "-Onone";
				TARGETED_DEVICE_FAMILY = "1,2";
			};
			name = Debug;
		};
		3B6494011F15F26800E4F93E /* Release */ = {
			isa = XCBuildConfiguration;
			buildSettings = {
				ALWAYS_SEARCH_USER_PATHS = NO;
				CLANG_ANALYZER_NONNULL = YES;
				CLANG_ANALYZER_NUMBER_OBJECT_CONVERSION = YES_AGGRESSIVE;
				CLANG_CXX_LANGUAGE_STANDARD = "gnu++0x";
				CLANG_CXX_LIBRARY = "libc++";
				CLANG_ENABLE_MODULES = YES;
				CLANG_ENABLE_OBJC_ARC = YES;
				CLANG_WARN_BOOL_CONVERSION = YES;
				CLANG_WARN_CONSTANT_CONVERSION = YES;
				CLANG_WARN_DIRECT_OBJC_ISA_USAGE = YES_ERROR;
				CLANG_WARN_DOCUMENTATION_COMMENTS = YES;
				CLANG_WARN_EMPTY_BODY = YES;
				CLANG_WARN_ENUM_CONVERSION = YES;
				CLANG_WARN_INFINITE_RECURSION = YES;
				CLANG_WARN_INT_CONVERSION = YES;
				CLANG_WARN_OBJC_ROOT_CLASS = YES_ERROR;
				CLANG_WARN_SUSPICIOUS_MOVE = YES;
				CLANG_WARN_UNREACHABLE_CODE = YES;
				CLANG_WARN__DUPLICATE_METHOD_MATCH = YES;
				"CODE_SIGN_IDENTITY[sdk=iphoneos*]" = "iPhone Developer";
				COPY_PHASE_STRIP = NO;
				DEBUG_INFORMATION_FORMAT = "dwarf-with-dsym";
				ENABLE_NS_ASSERTIONS = NO;
				ENABLE_STRICT_OBJC_MSGSEND = YES;
				GCC_C_LANGUAGE_STANDARD = gnu99;
				GCC_NO_COMMON_BLOCKS = YES;
				GCC_WARN_64_TO_32_BIT_CONVERSION = YES;
				GCC_WARN_ABOUT_RETURN_TYPE = YES_ERROR;
				GCC_WARN_UNDECLARED_SELECTOR = YES;
				GCC_WARN_UNINITIALIZED_AUTOS = YES_AGGRESSIVE;
				GCC_WARN_UNUSED_FUNCTION = YES;
				GCC_WARN_UNUSED_VARIABLE = YES;
				IPHONEOS_DEPLOYMENT_TARGET = 10.3;
				MTL_ENABLE_DEBUG_INFO = NO;
				SDKROOT = iphoneos;
				SWIFT_OPTIMIZATION_LEVEL = "-Owholemodule";
				TARGETED_DEVICE_FAMILY = "1,2";
				VALIDATE_PRODUCT = YES;
			};
			name = Release;
		};
		3B6494031F15F26800E4F93E /* Debug */ = {
			isa = XCBuildConfiguration;
			buildSettings = {
				ASSETCATALOG_COMPILER_APPICON_NAME = AppIcon;
				INFOPLIST_FILE = binaryCounter/Info.plist;
				LD_RUNPATH_SEARCH_PATHS = "$(inherited) @executable_path/Frameworks";
				PRODUCT_BUNDLE_IDENTIFIER = com.codingdojo.binaryCounter;
				PRODUCT_NAME = "$(TARGET_NAME)";
				SWIFT_VERSION = 3.0;
			};
			name = Debug;
		};
		3B6494041F15F26800E4F93E /* Release */ = {
			isa = XCBuildConfiguration;
			buildSettings = {
				ASSETCATALOG_COMPILER_APPICON_NAME = AppIcon;
				INFOPLIST_FILE = binaryCounter/Info.plist;
				LD_RUNPATH_SEARCH_PATHS = "$(inherited) @executable_path/Frameworks";
				PRODUCT_BUNDLE_IDENTIFIER = com.codingdojo.binaryCounter;
				PRODUCT_NAME = "$(TARGET_NAME)";
				SWIFT_VERSION = 3.0;
			};
			name = Release;
		};
		3B6494061F15F26800E4F93E /* Debug */ = {
			isa = XCBuildConfiguration;
			buildSettings = {
				ALWAYS_EMBED_SWIFT_STANDARD_LIBRARIES = YES;
				BUNDLE_LOADER = "$(TEST_HOST)";
				INFOPLIST_FILE = binaryCounterTests/Info.plist;
				LD_RUNPATH_SEARCH_PATHS = "$(inherited) @executable_path/Frameworks @loader_path/Frameworks";
				PRODUCT_BUNDLE_IDENTIFIER = com.codingdojo.binaryCounterTests;
				PRODUCT_NAME = "$(TARGET_NAME)";
				SWIFT_VERSION = 3.0;
				TEST_HOST = "$(BUILT_PRODUCTS_DIR)/binaryCounter.app/binaryCounter";
			};
			name = Debug;
		};
		3B6494071F15F26800E4F93E /* Release */ = {
			isa = XCBuildConfiguration;
			buildSettings = {
				ALWAYS_EMBED_SWIFT_STANDARD_LIBRARIES = YES;
				BUNDLE_LOADER = "$(TEST_HOST)";
				INFOPLIST_FILE = binaryCounterTests/Info.plist;
				LD_RUNPATH_SEARCH_PATHS = "$(inherited) @executable_path/Frameworks @loader_path/Frameworks";
				PRODUCT_BUNDLE_IDENTIFIER = com.codingdojo.binaryCounterTests;
				PRODUCT_NAME = "$(TARGET_NAME)";
				SWIFT_VERSION = 3.0;
				TEST_HOST = "$(BUILT_PRODUCTS_DIR)/binaryCounter.app/binaryCounter";
			};
			name = Release;
		};
		3B6494091F15F26800E4F93E /* Debug */ = {
			isa = XCBuildConfiguration;
			buildSettings = {
				ALWAYS_EMBED_SWIFT_STANDARD_LIBRARIES = YES;
				INFOPLIST_FILE = binaryCounterUITests/Info.plist;
				LD_RUNPATH_SEARCH_PATHS = "$(inherited) @executable_path/Frameworks @loader_path/Frameworks";
				PRODUCT_BUNDLE_IDENTIFIER = com.codingdojo.binaryCounterUITests;
				PRODUCT_NAME = "$(TARGET_NAME)";
				SWIFT_VERSION = 3.0;
				TEST_TARGET_NAME = binaryCounter;
			};
			name = Debug;
		};
		3B64940A1F15F26800E4F93E /* Release */ = {
			isa = XCBuildConfiguration;
			buildSettings = {
				ALWAYS_EMBED_SWIFT_STANDARD_LIBRARIES = YES;
				INFOPLIST_FILE = binaryCounterUITests/Info.plist;
				LD_RUNPATH_SEARCH_PATHS = "$(inherited) @executable_path/Frameworks @loader_path/Frameworks";
				PRODUCT_BUNDLE_IDENTIFIER = com.codingdojo.binaryCounterUITests;
				PRODUCT_NAME = "$(TARGET_NAME)";
				SWIFT_VERSION = 3.0;
				TEST_TARGET_NAME = binaryCounter;
			};
			name = Release;
		};
/* End XCBuildConfiguration section */

/* Begin XCConfigurationList section */
		3B6493D51F15F26700E4F93E /* Build configuration list for PBXProject "binaryCounter" */ = {
			isa = XCConfigurationList;
			buildConfigurations = (
				3B6494001F15F26800E4F93E /* Debug */,
				3B6494011F15F26800E4F93E /* Release */,
			);
			defaultConfigurationIsVisible = 0;
			defaultConfigurationName = Release;
		};
		3B6494021F15F26800E4F93E /* Build configuration list for PBXNativeTarget "binaryCounter" */ = {
			isa = XCConfigurationList;
			buildConfigurations = (
				3B6494031F15F26800E4F93E /* Debug */,
				3B6494041F15F26800E4F93E /* Release */,
			);
			defaultConfigurationIsVisible = 0;
		};
		3B6494051F15F26800E4F93E /* Build configuration list for PBXNativeTarget "binaryCounterTests" */ = {
			isa = XCConfigurationList;
			buildConfigurations = (
				3B6494061F15F26800E4F93E /* Debug */,
				3B6494071F15F26800E4F93E /* Release */,
			);
			defaultConfigurationIsVisible = 0;
		};
		3B6494081F15F26800E4F93E /* Build configuration list for PBXNativeTarget "binaryCounterUITests" */ = {
			isa = XCConfigurationList;
			buildConfigurations = (
				3B6494091F15F26800E4F93E /* Debug */,
				3B64940A1F15F26800E4F93E /* Release */,
			);
			defaultConfigurationIsVisible = 0;
		};
/* End XCConfigurationList section */
	};
	rootObject = 3B6493D21F15F26700E4F93E /* Project object */;
}
